
Microsoft Visual Studio Solution File, Format Version 12.00
# Visual Studio Version 16
VisualStudioVersion = 25.0.1706.13
MinimumVisualStudioVersion = 10.0.40219.1
Project("{FAE04EC0-301F-11D3-BF4B-00C04F79EFBC}") = "CoinCollection", "CoinCollection.csproj", "{0DB53BC5-0063-4A23-9D37-6FEE16A268B0}"
EndProject
Global
	GlobalSection(SolutionConfigurationPlatforms) = preSolution
		Debug|Any CPU = Debug|Any CPU
		Release|Any CPU = Release|Any CPU
		TestConfig|Any CPU = TestConfig|Any CPU
	EndGlobalSection
	GlobalSection(ProjectConfigurationPlatforms) = postSolution
		{0DB53BC5-0063-4A23-9D37-6FEE16A268B0}.Debug|Any CPU.ActiveCfg = Debug|Any CPU
		{0DB53BC5-0063-4A23-9D37-6FEE16A268B0}.Debug|Any CPU.Build.0 = Debug|Any CPU
		{0DB53BC5-0063-4A23-9D37-6FEE16A268B0}.Release|Any CPU.ActiveCfg = Release|Any CPU
		{0DB53BC5-0063-4A23-9D37-6FEE16A268B0}.Release|Any CPU.Build.0 = Release|Any CPU
		{0DB53BC5-0063-4A23-9D37-6FEE16A268B0}.TestConfig|Any CPU.ActiveCfg = Debug|Any CPU
		{0DB53BC5-0063-4A23-9D37-6FEE16A268B0}.TestConfig|Any CPU.Build.0 = Debug|Any CPU
	EndGlobalSection
	GlobalSection(SolutionProperties) = preSolution
		HideSolutionNode = FALSE
	EndGlobalSection
	GlobalSection(ExtensibilityGlobals) = postSolution
		SolutionGuid = {BB9640DD-3DB4-44DD-AFFF-C0017541299C}
	EndGlobalSection
EndGlobal
